
Microsoft Visual Studio Solution File, Format Version 12.00
# Visual Studio 15
VisualStudioVersion = 15.0.27004.2002
MinimumVisualStudioVersion = 10.0.40219.1
Project("{8BC9CEB8-8B4A-11D0-8D11-00A0C91BC942}") = "Aladin", "Aladin\Aladin.vcxproj", "{B17983F3-F6D0-4694-8A20-097CA86CA60E}"
EndProject
Project("{FAE04EC0-301F-11D3-BF4B-00C04F79EFBC}") = "NamedPiper", "NamedPipeServer\NamedPiper.csproj", "{673EDDCC-B956-4502-95D4-CF6F6672051F}"
EndProject
Global
	GlobalSection(SolutionConfigurationPlatforms) = preSolution
		Debug|Any CPU = Debug|Any CPU
		Debug|x64 = Debug|x64
		Debug|x86 = Debug|x86
		Release|Any CPU = Release|Any CPU
		Release|x64 = Release|x64
		Release|x86 = Release|x86
	EndGlobalSection
	GlobalSection(ProjectConfigurationPlatforms) = postSolution
		{B17983F3-F6D0-4694-8A20-097CA86CA60E}.Debug|Any CPU.ActiveCfg = Debug|Win32
		{B17983F3-F6D0-4694-8A20-097CA86CA60E}.Debug|x64.ActiveCfg = Debug|x64
		{B17983F3-F6D0-4694-8A20-097CA86CA60E}.Debug|x64.Build.0 = Debug|x64
		{B17983F3-F6D0-4694-8A20-097CA86CA60E}.Debug|x86.ActiveCfg = Debug|Win32
		{B17983F3-F6D0-4694-8A20-097CA86CA60E}.Debug|x86.Build.0 = Debug|Win32
		{B17983F3-F6D0-4694-8A20-097CA86CA60E}.Release|Any CPU.ActiveCfg = Release|Win32
		{B17983F3-F6D0-4694-8A20-097CA86CA60E}.Release|x64.ActiveCfg = Release|x64
		{B17983F3-F6D0-4694-8A20-097CA86CA60E}.Release|x64.Build.0 = Release|x64
		{B17983F3-F6D0-4694-8A20-097CA86CA60E}.Release|x86.ActiveCfg = Release|Win32
		{B17983F3-F6D0-4694-8A20-097CA86CA60E}.Release|x86.Build.0 = Release|Win32
		{673EDDCC-B956-4502-95D4-CF6F6672051F}.Debug|Any CPU.ActiveCfg = Debug|Any CPU
		{673EDDCC-B956-4502-95D4-CF6F6672051F}.Debug|Any CPU.Build.0 = Debug|Any CPU
		{673EDDCC-B956-4502-95D4-CF6F6672051F}.Debug|x64.ActiveCfg = Debug|Any CPU
		{673EDDCC-B956-4502-95D4-CF6F6672051F}.Debug|x64.Build.0 = Debug|Any CPU
		{673EDDCC-B956-4502-95D4-CF6F6672051F}.Debug|x86.ActiveCfg = Debug|Any CPU
		{673EDDCC-B956-4502-95D4-CF6F6672051F}.Debug|x86.Build.0 = Debug|Any CPU
		{673EDDCC-B956-4502-95D4-CF6F6672051F}.Release|Any CPU.ActiveCfg = Release|Any CPU
		{673EDDCC-B956-4502-95D4-CF6F6672051F}.Release|Any CPU.Build.0 = Release|Any CPU
		{673EDDCC-B956-4502-95D4-CF6F6672051F}.Release|x64.ActiveCfg = Release|Any CPU
		{673EDDCC-B956-4502-95D4-CF6F6672051F}.Release|x64.Build.0 = Release|Any CPU
		{673EDDCC-B956-4502-95D4-CF6F6672051F}.Release|x86.ActiveCfg = Release|Any CPU
		{673EDDCC-B956-4502-95D4-CF6F6672051F}.Release|x86.Build.0 = Release|Any CPU
	EndGlobalSection
	GlobalSection(SolutionProperties) = preSolution
		HideSolutionNode = FALSE
	EndGlobalSection
	GlobalSection(ExtensibilityGlobals) = postSolution
		SolutionGuid = {847F0BB9-8BBF-421E-AA88-6899D5B3C832}
	EndGlobalSection
EndGlobal
