<?xml version="1.0" encoding="utf-8"?>
<Project ToolsVersion="4.0" xmlns="http://schemas.microsoft.com/developer/msbuild/2003">
  <ItemGroup>
    <Filter Include="Source Files">
      <UniqueIdentifier>{4FC737F1-C7A5-4376-A066-2A32D752A2FF}</UniqueIdentifier>
      <Extensions>cpp;c;cc;cxx;def;odl;idl;hpj;bat;asm;asmx</Extensions>
    </Filter>
    <Filter Include="Header Files">
      <UniqueIdentifier>{93995380-89BD-4b04-88EB-625FBE52EBFB}</UniqueIdentifier>
      <Extensions>h;hh;hpp;hxx;hm;inl;inc;xsd</Extensions>
    </Filter>
    <Filter Include="Resource Files">
      <UniqueIdentifier>{67DA6AB6-F800-4c08-8B7A-83BB121AAD01}</UniqueIdentifier>
      <Extensions>rc;ico;cur;bmp;dlg;rc2;rct;bin;rgs;gif;jpg;jpeg;jpe;resx;tiff;tif;png;wav;mfcribbon-ms</Extensions>
    </Filter>
  </ItemGroup>
  <ItemGroup>
    <ClCompile Include="src\execution\thread.cpp">
      <Filter>Source Files</Filter>
    </ClCompile>
    <ClCompile Include="src\memory\page_allocator.cpp">
      <Filter>Source Files</Filter>
    </ClCompile>
    <ClCompile Include="src\terminals\base.cpp">
      <Filter>Source Files</Filter>
    </ClCompile>
    <ClCompile Include="src\terminals\font.cpp">
      <Filter>Source Files</Filter>
    </ClCompile>
    <ClCompile Include="src\terminals\interface.cpp">
      <Filter>Source Files</Filter>
    </ClCompile>
    <ClCompile Include="src\terminals\splash.cpp">
      <Filter>Source Files</Filter>
    </ClCompile>
    <ClCompile Include="src\terminals\splash_text.cpp">
      <Filter>Source Files</Filter>
    </ClCompile>
    <ClCompile Include="src\buffer.c">
      <Filter>Source Files</Filter>
    </ClCompile>
    <ClCompile Include="src\cpp_support.cpp">
      <Filter>Source Files</Filter>
    </ClCompile>
    <ClCompile Include="src\debug.cpp">
      <Filter>Source Files</Filter>
    </ClCompile>
    <ClCompile Include="src\icxxabi.cpp">
      <Filter>Source Files</Filter>
    </ClCompile>
    <ClCompile Include="src\kernel.cpp">
      <Filter>Source Files</Filter>
    </ClCompile>
    <ClCompile Include="src\math.cpp">
      <Filter>Source Files</Filter>
    </ClCompile>
    <ClCompile Include="src\ui.c">
      <Filter>Source Files</Filter>
    </ClCompile>
    <ClCompile Include="arc\amd64\src\execution\thread_init.cpp">
      <Filter>Source Files</Filter>
    </ClCompile>
    <ClCompile Include="arc\amd64\src\execution\thread_state.cpp">
      <Filter>Source Files</Filter>
    </ClCompile>
    <ClCompile Include="arc\amd64\src\execution\thread_switching.cpp">
      <Filter>Source Files</Filter>
    </ClCompile>
    <ClCompile Include="arc\amd64\src\memory\manager_amd64.cpp">
      <Filter>Source Files</Filter>
    </ClCompile>
    <ClCompile Include="arc\amd64\src\memory\paging.cpp">
      <Filter>Source Files</Filter>
    </ClCompile>
    <ClCompile Include="arc\amd64\src\memory\virtual_allocator.cpp">
      <Filter>Source Files</Filter>
    </ClCompile>
    <ClCompile Include="arc\amd64\src\system\registers.cpp">
      <Filter>Source Files</Filter>
    </ClCompile>
    <ClCompile Include="arc\amd64\src\entry.cpp">
      <Filter>Source Files</Filter>
    </ClCompile>
    <ClCompile Include="arc\amd64\src\jegudiel.c">
      <Filter>Source Files</Filter>
    </ClCompile>
    <ClCompile Include="arc\amd64\src\lapic.c">
      <Filter>Source Files</Filter>
    </ClCompile>
    <ClCompile Include="arc\amd64\src\ports.c">
      <Filter>Source Files</Filter>
    </ClCompile>
    <ClCompile Include="arc\amd64\src\screen.c">
      <Filter>Source Files</Filter>
    </ClCompile>
    <ClCompile Include="arc\x86\src\synchronization\spinlock.cpp">
      <Filter>Source Files</Filter>
    </ClCompile>
    <ClCompile Include="arc\x86\src\system\cpu.cpp">
      <Filter>Source Files</Filter>
    </ClCompile>
    <ClCompile Include="arc\x86\src\system\cpuid.cpp">
      <Filter>Source Files</Filter>
    </ClCompile>
    <ClCompile Include="arc\x86\src\system\exceptions.cpp">
      <Filter>Source Files</Filter>
    </ClCompile>
    <ClCompile Include="arc\x86\src\system\registers_x86.cpp">
      <Filter>Source Files</Filter>
    </ClCompile>
    <ClCompile Include="arc\x86\src\terminals\serial.cpp">
      <Filter>Source Files</Filter>
    </ClCompile>
    <ClCompile Include="arc\x86\src\terminals\vbe.cpp">
      <Filter>Source Files</Filter>
    </ClCompile>
    <ClCompile Include="arc\x86\src\terminals\vga.cpp">
      <Filter>Source Files</Filter>
    </ClCompile>
    <ClCompile Include="arc\x86\src\keyboard.c">
      <Filter>Source Files</Filter>
    </ClCompile>
    <ClCompile Include="arc\x86\src\ports.cpp">
      <Filter>Source Files</Filter>
    </ClCompile>
    <ClCompile Include="arc\x86\src\string.c">
      <Filter>Source Files</Filter>
    </ClCompile>
    <ClCompile Include="arc\x86\src\string.cpp">
      <Filter>Source Files</Filter>
    </ClCompile>
    <ClCompile Include="src\build_info.c">
      <Filter>Source Files</Filter>
    </ClCompile>
    <ClCompile Include="src\execution\elf.cpp">
      <Filter>Source Files</Filter>
    </ClCompile>
  </ItemGroup>
  <ItemGroup>
    <ClInclude Include="inc\execution\process.hpp">
      <Filter>Header Files</Filter>
    </ClInclude>
    <ClInclude Include="inc\execution\thread.hpp">
      <Filter>Header Files</Filter>
    </ClInclude>
    <ClInclude Include="inc\memory\manager.hpp">
      <Filter>Header Files</Filter>
    </ClInclude>
    <ClInclude Include="inc\memory\page_allocator.hpp">
      <Filter>Header Files</Filter>
    </ClInclude>
    <ClInclude Include="inc\stdlib\enumerator.hpp">
      <Filter>Header Files</Filter>
    </ClInclude>
    <ClInclude Include="inc\stdlib\iterator.hpp">
      <Filter>Header Files</Filter>
    </ClInclude>
    <ClInclude Include="inc\terminals\base.hpp">
      <Filter>Header Files</Filter>
    </ClInclude>
    <ClInclude Include="inc\terminals\font.hpp">
      <Filter>Header Files</Filter>
    </ClInclude>
    <ClInclude Include="inc\terminals\interface.hpp">
      <Filter>Header Files</Filter>
    </ClInclude>
    <ClInclude Include="inc\terminals\splash.hpp">
      <Filter>Header Files</Filter>
    </ClInclude>
    <ClInclude Include="inc\terminals\splash_text.hpp">
      <Filter>Header Files</Filter>
    </ClInclude>
    <ClInclude Include="inc\architecture.h">
      <Filter>Header Files</Filter>
    </ClInclude>
    <ClInclude Include="inc\buffer.h">
      <Filter>Header Files</Filter>
    </ClInclude>
    <ClInclude Include="inc\cpp_support.h">
      <Filter>Header Files</Filter>
    </ClInclude>
    <ClInclude Include="inc\debug.hpp">
      <Filter>Header Files</Filter>
    </ClInclude>
    <ClInclude Include="inc\handles.h">
      <Filter>Header Files</Filter>
    </ClInclude>
    <ClInclude Include="inc\icxxabi.h">
      <Filter>Header Files</Filter>
    </ClInclude>
    <ClInclude Include="inc\kernel.hpp">
      <Filter>Header Files</Filter>
    </ClInclude>
    <ClInclude Include="inc\math.h">
      <Filter>Header Files</Filter>
    </ClInclude>
    <ClInclude Include="inc\metaprogramming.h">
      <Filter>Header Files</Filter>
    </ClInclude>
    <ClInclude Include="inc\stdint.h">
      <Filter>Header Files</Filter>
    </ClInclude>
    <ClInclude Include="inc\string.h">
      <Filter>Header Files</Filter>
    </ClInclude>
    <ClInclude Include="inc\ui.h">
      <Filter>Header Files</Filter>
    </ClInclude>
    <ClInclude Include="arc\amd64\inc\execution\thread_init.hpp">
      <Filter>Header Files</Filter>
    </ClInclude>
    <ClInclude Include="arc\amd64\inc\execution\thread_state.hpp">
      <Filter>Header Files</Filter>
    </ClInclude>
    <ClInclude Include="arc\amd64\inc\execution\thread_switching.hpp">
      <Filter>Header Files</Filter>
    </ClInclude>
    <ClInclude Include="arc\amd64\inc\memory\manager_amd64.hpp">
      <Filter>Header Files</Filter>
    </ClInclude>
    <ClInclude Include="arc\amd64\inc\memory\paging.hpp">
      <Filter>Header Files</Filter>
    </ClInclude>
    <ClInclude Include="arc\amd64\inc\memory\virtual_allocator.hpp">
      <Filter>Header Files</Filter>
    </ClInclude>
    <ClInclude Include="arc\amd64\inc\system\registers.hpp">
      <Filter>Header Files</Filter>
    </ClInclude>
    <ClInclude Include="arc\amd64\inc\entry.h">
      <Filter>Header Files</Filter>
    </ClInclude>
    <ClInclude Include="arc\amd64\inc\isr.h">
      <Filter>Header Files</Filter>
    </ClInclude>
    <ClInclude Include="arc\amd64\inc\lapic.h">
      <Filter>Header Files</Filter>
    </ClInclude>
    <ClInclude Include="arc\amd64\inc\ports.h">
      <Filter>Header Files</Filter>
    </ClInclude>
    <ClInclude Include="arc\amd64\inc\screen.h">
      <Filter>Header Files</Filter>
    </ClInclude>
    <ClInclude Include="arc\x86\inc\synchronization\spinlock.hpp">
      <Filter>Header Files</Filter>
    </ClInclude>
    <ClInclude Include="arc\x86\inc\system\cpu.hpp">
      <Filter>Header Files</Filter>
    </ClInclude>
    <ClInclude Include="arc\x86\inc\system\cpuid.hpp">
      <Filter>Header Files</Filter>
    </ClInclude>
    <ClInclude Include="arc\x86\inc\system\exceptions.hpp">
      <Filter>Header Files</Filter>
    </ClInclude>
    <ClInclude Include="arc\x86\inc\system\registers_x86.hpp">
      <Filter>Header Files</Filter>
    </ClInclude>
    <ClInclude Include="arc\x86\inc\terminals\colors.hpp">
      <Filter>Header Files</Filter>
    </ClInclude>
    <ClInclude Include="arc\x86\inc\terminals\serial.hpp">
      <Filter>Header Files</Filter>
    </ClInclude>
    <ClInclude Include="arc\x86\inc\terminals\vbe.hpp">
      <Filter>Header Files</Filter>
    </ClInclude>
    <ClInclude Include="arc\x86\inc\terminals\vga.hpp">
      <Filter>Header Files</Filter>
    </ClInclude>
    <ClInclude Include="arc\x86\inc\keyboard.h">
      <Filter>Header Files</Filter>
    </ClInclude>
    <ClInclude Include="arc\x86\inc\memory.hpp">
      <Filter>Header Files</Filter>
    </ClInclude>
    <ClInclude Include="arc\x86\inc\metaprogramming_arc.h">
      <Filter>Header Files</Filter>
    </ClInclude>
    <ClInclude Include="arc\x86\inc\multiboot.h">
      <Filter>Header Files</Filter>
    </ClInclude>
    <ClInclude Include="arc\x86\inc\ports.hpp">
      <Filter>Header Files</Filter>
    </ClInclude>
    <ClInclude Include="inc\execution\elf.hpp">
      <Filter>Header Files</Filter>
    </ClInclude>
  </ItemGroup>
  <ItemGroup>
    <None Include="arc\amd64\src\isr.s" />
    <None Include="arc\amd64\link.ld" />
    <None Include="arc\amd64\src\execution\thread_switching.s" />
  </ItemGroup>
</Project>